
Microsoft Visual Studio Solution File, Format Version 12.00
# Visual Studio 15
VisualStudioVersion = 15.0.28010.0
MinimumVisualStudioVersion = 10.0.40219.1
Project("{FAE04EC0-301F-11D3-BF4B-00C04F79EFBC}") = "AutomationDemoTests", "AutomationDemoTests\AutomationDemoTests.csproj", "{001F2542-9F26-4806-840B-47C267256534}"
EndProject
Project("{FAE04EC0-301F-11D3-BF4B-00C04F79EFBC}") = "AutomationDemo", "ClassLibrary1\AutomationDemo.csproj", "{5207C9F7-E1CA-4BC2-A636-FAE3A9701E33}"
EndProject
Global
	GlobalSection(SolutionConfigurationPlatforms) = preSolution
		Debug|Any CPU = Debug|Any CPU
		Release|Any CPU = Release|Any CPU
	EndGlobalSection
	GlobalSection(ProjectConfigurationPlatforms) = postSolution
		{001F2542-9F26-4806-840B-47C267256534}.Debug|Any CPU.ActiveCfg = Debug|Any CPU
		{001F2542-9F26-4806-840B-47C267256534}.Debug|Any CPU.Build.0 = Debug|Any CPU
		{001F2542-9F26-4806-840B-47C267256534}.Release|Any CPU.ActiveCfg = Release|Any CPU
		{001F2542-9F26-4806-840B-47C267256534}.Release|Any CPU.Build.0 = Release|Any CPU
		{5207C9F7-E1CA-4BC2-A636-FAE3A9701E33}.Debug|Any CPU.ActiveCfg = Debug|Any CPU
		{5207C9F7-E1CA-4BC2-A636-FAE3A9701E33}.Debug|Any CPU.Build.0 = Debug|Any CPU
		{5207C9F7-E1CA-4BC2-A636-FAE3A9701E33}.Release|Any CPU.ActiveCfg = Release|Any CPU
		{5207C9F7-E1CA-4BC2-A636-FAE3A9701E33}.Release|Any CPU.Build.0 = Release|Any CPU
	EndGlobalSection
	GlobalSection(SolutionProperties) = preSolution
		HideSolutionNode = FALSE
	EndGlobalSection
	GlobalSection(ExtensibilityGlobals) = postSolution
		SolutionGuid = {8770CC11-2EC0-45E8-AA8A-5724B25AA611}
	EndGlobalSection
EndGlobal
